
Microsoft Visual Studio Solution File, Format Version 12.00
# Visual Studio 2012
Project("{FAE04EC0-301F-11D3-BF4B-00C04F79EFBC}") = "Operator", "Operator\Operator.csproj", "{CE4AFE0C-748C-4887-B77E-52183C63205C}"
EndProject
Project("{FAE04EC0-301F-11D3-BF4B-00C04F79EFBC}") = "CommonTypes", "CommonTypes\CommonTypes.csproj", "{98034913-94C8-4545-94C3-83EC11514F9F}"
EndProject
Project("{FAE04EC0-301F-11D3-BF4B-00C04F79EFBC}") = "PCS", "PCS\PCS.csproj", "{2ED9C532-960F-4B8C-A08A-EB92336E2144}"
	ProjectSection(ProjectDependencies) = postProject
		{CE4AFE0C-748C-4887-B77E-52183C63205C} = {CE4AFE0C-748C-4887-B77E-52183C63205C}
		{98034913-94C8-4545-94C3-83EC11514F9F} = {98034913-94C8-4545-94C3-83EC11514F9F}
	EndProjectSection
EndProject
Project("{FAE04EC0-301F-11D3-BF4B-00C04F79EFBC}") = "PuppetMaster", "..\DAD1617\PuppetMaster\PuppetMaster.csproj", "{A44F5746-B513-4A46-9D63-FB161DC0606D}"
EndProject
Global
	GlobalSection(SolutionConfigurationPlatforms) = preSolution
		Debug|Any CPU = Debug|Any CPU
		Release|Any CPU = Release|Any CPU
	EndGlobalSection
	GlobalSection(ProjectConfigurationPlatforms) = postSolution
		{CE4AFE0C-748C-4887-B77E-52183C63205C}.Debug|Any CPU.ActiveCfg = Debug|Any CPU
		{CE4AFE0C-748C-4887-B77E-52183C63205C}.Debug|Any CPU.Build.0 = Debug|Any CPU
		{CE4AFE0C-748C-4887-B77E-52183C63205C}.Release|Any CPU.ActiveCfg = Release|Any CPU
		{CE4AFE0C-748C-4887-B77E-52183C63205C}.Release|Any CPU.Build.0 = Release|Any CPU
		{98034913-94C8-4545-94C3-83EC11514F9F}.Debug|Any CPU.ActiveCfg = Debug|Any CPU
		{98034913-94C8-4545-94C3-83EC11514F9F}.Debug|Any CPU.Build.0 = Debug|Any CPU
		{98034913-94C8-4545-94C3-83EC11514F9F}.Release|Any CPU.ActiveCfg = Release|Any CPU
		{98034913-94C8-4545-94C3-83EC11514F9F}.Release|Any CPU.Build.0 = Release|Any CPU
		{2ED9C532-960F-4B8C-A08A-EB92336E2144}.Debug|Any CPU.ActiveCfg = Debug|Any CPU
		{2ED9C532-960F-4B8C-A08A-EB92336E2144}.Debug|Any CPU.Build.0 = Debug|Any CPU
		{2ED9C532-960F-4B8C-A08A-EB92336E2144}.Release|Any CPU.ActiveCfg = Release|Any CPU
		{2ED9C532-960F-4B8C-A08A-EB92336E2144}.Release|Any CPU.Build.0 = Release|Any CPU
		{A44F5746-B513-4A46-9D63-FB161DC0606D}.Debug|Any CPU.ActiveCfg = Debug|Any CPU
		{A44F5746-B513-4A46-9D63-FB161DC0606D}.Debug|Any CPU.Build.0 = Debug|Any CPU
		{A44F5746-B513-4A46-9D63-FB161DC0606D}.Release|Any CPU.ActiveCfg = Release|Any CPU
		{A44F5746-B513-4A46-9D63-FB161DC0606D}.Release|Any CPU.Build.0 = Release|Any CPU
	EndGlobalSection
	GlobalSection(SolutionProperties) = preSolution
		HideSolutionNode = FALSE
	EndGlobalSection
EndGlobal
